// !$*UTF8*$!
{
	archiveVersion = 1;
	classes = {
	};
	objectVersion = 50;
	objects = {

/* Begin PBXBuildFile section */
		1C6DE1A0251B98BD002F3144 /* AppDelegate.swift in Sources */ = {isa = PBXBuildFile; fileRef = 1C6DE19F251B98BD002F3144 /* AppDelegate.swift */; };
		1C6DE1A2251B98BD002F3144 /* SceneDelegate.swift in Sources */ = {isa = PBXBuildFile; fileRef = 1C6DE1A1251B98BD002F3144 /* SceneDelegate.swift */; };
		1C6DE1A4251B98BD002F3144 /* DashboardVC.swift in Sources */ = {isa = PBXBuildFile; fileRef = 1C6DE1A3251B98BD002F3144 /* DashboardVC.swift */; };
		1C6DE1A7251B98BD002F3144 /* Main.storyboard in Resources */ = {isa = PBXBuildFile; fileRef = 1C6DE1A5251B98BD002F3144 /* Main.storyboard */; };
		1C6DE1A9251B98BF002F3144 /* Assets.xcassets in Resources */ = {isa = PBXBuildFile; fileRef = 1C6DE1A8251B98BF002F3144 /* Assets.xcassets */; };
		1C6DE1AC251B98BF002F3144 /* LaunchScreen.storyboard in Resources */ = {isa = PBXBuildFile; fileRef = 1C6DE1AA251B98BF002F3144 /* LaunchScreen.storyboard */; };
		1C6DE1B7251B98BF002F3144 /* IOSAssignmentTests.swift in Sources */ = {isa = PBXBuildFile; fileRef = 1C6DE1B6251B98BF002F3144 /* IOSAssignmentTests.swift */; };
		1C6DE1C2251B98BF002F3144 /* IOSAssignmentUITests.swift in Sources */ = {isa = PBXBuildFile; fileRef = 1C6DE1C1251B98BF002F3144 /* IOSAssignmentUITests.swift */; };
		1C6DE1D6251B9958002F3144 /* JsonResponseModel.swift in Sources */ = {isa = PBXBuildFile; fileRef = 1C6DE1D5251B9958002F3144 /* JsonResponseModel.swift */; };
		1C6DE1DC251B99FF002F3144 /* Utility.swift in Sources */ = {isa = PBXBuildFile; fileRef = 1C6DE1DB251B99FF002F3144 /* Utility.swift */; };
		1C6DE1E1251B9A5D002F3144 /* JsonViewModel.swift in Sources */ = {isa = PBXBuildFile; fileRef = 1C6DE1E0251B9A5D002F3144 /* JsonViewModel.swift */; };
		1C6DE1EA251B9E9A002F3144 /* TableCell.swift in Sources */ = {isa = PBXBuildFile; fileRef = 1C6DE1E9251B9E9A002F3144 /* TableCell.swift */; };
		1C6DE1F8251BA8CC002F3144 /* DetaildVC.swift in Sources */ = {isa = PBXBuildFile; fileRef = 1C6DE1F7251BA8CC002F3144 /* DetaildVC.swift */; };
		A294D03C1B65CFF8C171E61C /* Pods_IOSAssignmentTests.framework in Frameworks */ = {isa = PBXBuildFile; fileRef = 669EEE688A3BE53A361CAEF8 /* Pods_IOSAssignmentTests.framework */; };
		AFFCF9747655C8431406BCCD /* Pods_IOSAssignment.framework in Frameworks */ = {isa = PBXBuildFile; fileRef = 15F9011012296CB7B3EB31F9 /* Pods_IOSAssignment.framework */; };
		D4F6D789A0F6702EBD0D2FD2 /* Pods_IOSAssignment_IOSAssignmentUITests.framework in Frameworks */ = {isa = PBXBuildFile; fileRef = EA083391595AC7CACBDFC8D4 /* Pods_IOSAssignment_IOSAssignmentUITests.framework */; };
/* End PBXBuildFile section */

/* Begin PBXContainerItemProxy section */
		1C6DE1B3251B98BF002F3144 /* PBXContainerItemProxy */ = {
			isa = PBXContainerItemProxy;
			containerPortal = 1C6DE194251B98BD002F3144 /* Project object */;
			proxyType = 1;
			remoteGlobalIDString = 1C6DE19B251B98BD002F3144;
			remoteInfo = IOSAssignment;
		};
		1C6DE1BE251B98BF002F3144 /* PBXContainerItemProxy */ = {
			isa = PBXContainerItemProxy;
			containerPortal = 1C6DE194251B98BD002F3144 /* Project object */;
			proxyType = 1;
			remoteGlobalIDString = 1C6DE19B251B98BD002F3144;
			remoteInfo = IOSAssignment;
		};
/* End PBXContainerItemProxy section */

/* Begin PBXFileReference section */
		15F9011012296CB7B3EB31F9 /* Pods_IOSAssignment.framework */ = {isa = PBXFileReference; explicitFileType = wrapper.framework; includeInIndex = 0; path = Pods_IOSAssignment.framework; sourceTree = BUILT_PRODUCTS_DIR; };
		1C6DE19C251B98BD002F3144 /* IOSAssignment.app */ = {isa = PBXFileReference; explicitFileType = wrapper.application; includeInIndex = 0; path = IOSAssignment.app; sourceTree = BUILT_PRODUCTS_DIR; };
		1C6DE19F251B98BD002F3144 /* AppDelegate.swift */ = {isa = PBXFileReference; lastKnownFileType = sourcecode.swift; path = AppDelegate.swift; sourceTree = "<group>"; };
		1C6DE1A1251B98BD002F3144 /* SceneDelegate.swift */ = {isa = PBXFileReference; lastKnownFileType = sourcecode.swift; path = SceneDelegate.swift; sourceTree = "<group>"; };
		1C6DE1A3251B98BD002F3144 /* DashboardVC.swift */ = {isa = PBXFileReference; lastKnownFileType = sourcecode.swift; path = DashboardVC.swift; sourceTree = "<group>"; };
		1C6DE1A6251B98BD002F3144 /* Base */ = {isa = PBXFileReference; lastKnownFileType = file.storyboard; name = Base; path = Base.lproj/Main.storyboard; sourceTree = "<group>"; };
		1C6DE1A8251B98BF002F3144 /* Assets.xcassets */ = {isa = PBXFileReference; lastKnownFileType = folder.assetcatalog; path = Assets.xcassets; sourceTree = "<group>"; };
		1C6DE1AB251B98BF002F3144 /* Base */ = {isa = PBXFileReference; lastKnownFileType = file.storyboard; name = Base; path = Base.lproj/LaunchScreen.storyboard; sourceTree = "<group>"; };
		1C6DE1AD251B98BF002F3144 /* Info.plist */ = {isa = PBXFileReference; lastKnownFileType = text.plist.xml; path = Info.plist; sourceTree = "<group>"; };
		1C6DE1B2251B98BF002F3144 /* IOSAssignmentTests.xctest */ = {isa = PBXFileReference; explicitFileType = wrapper.cfbundle; includeInIndex = 0; path = IOSAssignmentTests.xctest; sourceTree = BUILT_PRODUCTS_DIR; };
		1C6DE1B6251B98BF002F3144 /* IOSAssignmentTests.swift */ = {isa = PBXFileReference; lastKnownFileType = sourcecode.swift; path = IOSAssignmentTests.swift; sourceTree = "<group>"; };
		1C6DE1B8251B98BF002F3144 /* Info.plist */ = {isa = PBXFileReference; lastKnownFileType = text.plist.xml; path = Info.plist; sourceTree = "<group>"; };
		1C6DE1BD251B98BF002F3144 /* IOSAssignmentUITests.xctest */ = {isa = PBXFileReference; explicitFileType = wrapper.cfbundle; includeInIndex = 0; path = IOSAssignmentUITests.xctest; sourceTree = BUILT_PRODUCTS_DIR; };
		1C6DE1C1251B98BF002F3144 /* IOSAssignmentUITests.swift */ = {isa = PBXFileReference; lastKnownFileType = sourcecode.swift; path = IOSAssignmentUITests.swift; sourceTree = "<group>"; };
		1C6DE1C3251B98BF002F3144 /* Info.plist */ = {isa = PBXFileReference; lastKnownFileType = text.plist.xml; path = Info.plist; sourceTree = "<group>"; };
		1C6DE1D5251B9958002F3144 /* JsonResponseModel.swift */ = {isa = PBXFileReference; lastKnownFileType = sourcecode.swift; path = JsonResponseModel.swift; sourceTree = "<group>"; };
		1C6DE1DB251B99FF002F3144 /* Utility.swift */ = {isa = PBXFileReference; lastKnownFileType = sourcecode.swift; path = Utility.swift; sourceTree = "<group>"; };
		1C6DE1E0251B9A5D002F3144 /* JsonViewModel.swift */ = {isa = PBXFileReference; lastKnownFileType = sourcecode.swift; path = JsonViewModel.swift; sourceTree = "<group>"; };
		1C6DE1E9251B9E9A002F3144 /* TableCell.swift */ = {isa = PBXFileReference; lastKnownFileType = sourcecode.swift; path = TableCell.swift; sourceTree = "<group>"; };
		1C6DE1F7251BA8CC002F3144 /* DetaildVC.swift */ = {isa = PBXFileReference; lastKnownFileType = sourcecode.swift; path = DetaildVC.swift; sourceTree = "<group>"; };
		1CC4EE6F232BB5470DD8667E /* Pods-IOSAssignment.debug.xcconfig */ = {isa = PBXFileReference; includeInIndex = 1; lastKnownFileType = text.xcconfig; name = "Pods-IOSAssignment.debug.xcconfig"; path = "Target Support Files/Pods-IOSAssignment/Pods-IOSAssignment.debug.xcconfig"; sourceTree = "<group>"; };
		3BC6B250F76525811CA3D0BD /* Pods-IOSAssignmentTests.release.xcconfig */ = {isa = PBXFileReference; includeInIndex = 1; lastKnownFileType = text.xcconfig; name = "Pods-IOSAssignmentTests.release.xcconfig"; path = "Target Support Files/Pods-IOSAssignmentTests/Pods-IOSAssignmentTests.release.xcconfig"; sourceTree = "<group>"; };
		669EEE688A3BE53A361CAEF8 /* Pods_IOSAssignmentTests.framework */ = {isa = PBXFileReference; explicitFileType = wrapper.framework; includeInIndex = 0; path = Pods_IOSAssignmentTests.framework; sourceTree = BUILT_PRODUCTS_DIR; };
		93378C224E0D87641BFF01B7 /* Pods-IOSAssignmentTests.debug.xcconfig */ = {isa = PBXFileReference; includeInIndex = 1; lastKnownFileType = text.xcconfig; name = "Pods-IOSAssignmentTests.debug.xcconfig"; path = "Target Support Files/Pods-IOSAssignmentTests/Pods-IOSAssignmentTests.debug.xcconfig"; sourceTree = "<group>"; };
		A75E8D7E9F509F9DC7D5A179 /* Pods-IOSAssignment.release.xcconfig */ = {isa = PBXFileReference; includeInIndex = 1; lastKnownFileType = text.xcconfig; name = "Pods-IOSAssignment.release.xcconfig"; path = "Target Support Files/Pods-IOSAssignment/Pods-IOSAssignment.release.xcconfig"; sourceTree = "<group>"; };
		AE948D4B0E228B18395B6086 /* Pods-IOSAssignment-IOSAssignmentUITests.debug.xcconfig */ = {isa = PBXFileReference; includeInIndex = 1; lastKnownFileType = text.xcconfig; name = "Pods-IOSAssignment-IOSAssignmentUITests.debug.xcconfig"; path = "Target Support Files/Pods-IOSAssignment-IOSAssignmentUITests/Pods-IOSAssignment-IOSAssignmentUITests.debug.xcconfig"; sourceTree = "<group>"; };
		BDCD625CCB8E9E10012C133B /* Pods-IOSAssignment-IOSAssignmentUITests.release.xcconfig */ = {isa = PBXFileReference; includeInIndex = 1; lastKnownFileType = text.xcconfig; name = "Pods-IOSAssignment-IOSAssignmentUITests.release.xcconfig"; path = "Target Support Files/Pods-IOSAssignment-IOSAssignmentUITests/Pods-IOSAssignment-IOSAssignmentUITests.release.xcconfig"; sourceTree = "<group>"; };
		EA083391595AC7CACBDFC8D4 /* Pods_IOSAssignment_IOSAssignmentUITests.framework */ = {isa = PBXFileReference; explicitFileType = wrapper.framework; includeInIndex = 0; path = Pods_IOSAssignment_IOSAssignmentUITests.framework; sourceTree = BUILT_PRODUCTS_DIR; };
/* End PBXFileReference section */

/* Begin PBXFrameworksBuildPhase section */
		1C6DE199251B98BD002F3144 /* Frameworks */ = {
			isa = PBXFrameworksBuildPhase;
			buildActionMask = 2147483647;
			files = (
				AFFCF9747655C8431406BCCD /* Pods_IOSAssignment.framework in Frameworks */,
			);
			runOnlyForDeploymentPostprocessing = 0;
		};
		1C6DE1AF251B98BF002F3144 /* Frameworks */ = {
			isa = PBXFrameworksBuildPhase;
			buildActionMask = 2147483647;
			files = (
				A294D03C1B65CFF8C171E61C /* Pods_IOSAssignmentTests.framework in Frameworks */,
			);
			runOnlyForDeploymentPostprocessing = 0;
		};
		1C6DE1BA251B98BF002F3144 /* Frameworks */ = {
			isa = PBXFrameworksBuildPhase;
			buildActionMask = 2147483647;
			files = (
				D4F6D789A0F6702EBD0D2FD2 /* Pods_IOSAssignment_IOSAssignmentUITests.framework in Frameworks */,
			);
			runOnlyForDeploymentPostprocessing = 0;
		};
/* End PBXFrameworksBuildPhase section */

/* Begin PBXGroup section */
		1C6DE193251B98BD002F3144 = {
			isa = PBXGroup;
			children = (
				1C6DE19E251B98BD002F3144 /* IOSAssignment */,
				1C6DE1B5251B98BF002F3144 /* IOSAssignmentTests */,
				1C6DE1C0251B98BF002F3144 /* IOSAssignmentUITests */,
				1C6DE19D251B98BD002F3144 /* Products */,
				909EA067D5C1F28ECACAF007 /* Pods */,
				4BB1795A42F23FCD5AC176F2 /* Frameworks */,
			);
			sourceTree = "<group>";
		};
		1C6DE19D251B98BD002F3144 /* Products */ = {
			isa = PBXGroup;
			children = (
				1C6DE19C251B98BD002F3144 /* IOSAssignment.app */,
				1C6DE1B2251B98BF002F3144 /* IOSAssignmentTests.xctest */,
				1C6DE1BD251B98BF002F3144 /* IOSAssignmentUITests.xctest */,
			);
			name = Products;
			sourceTree = "<group>";
		};
		1C6DE19E251B98BD002F3144 /* IOSAssignment */ = {
			isa = PBXGroup;
			children = (
				1C6DE1E5251B9E77002F3144 /* TableViewCell */,
				1C6DE1DA251B99BB002F3144 /* Utility */,
				1C6DE1D4251B9938002F3144 /* Model */,
				1C6DE1D3251B98DA002F3144 /* View */,
				1C6DE1D2251B98CF002F3144 /* ViewModel */,
				1C6DE19F251B98BD002F3144 /* AppDelegate.swift */,
				1C6DE1A1251B98BD002F3144 /* SceneDelegate.swift */,
				1C6DE1A5251B98BD002F3144 /* Main.storyboard */,
				1C6DE1A8251B98BF002F3144 /* Assets.xcassets */,
				1C6DE1AA251B98BF002F3144 /* LaunchScreen.storyboard */,
				1C6DE1AD251B98BF002F3144 /* Info.plist */,
			);
			path = IOSAssignment;
			sourceTree = "<group>";
		};
		1C6DE1B5251B98BF002F3144 /* IOSAssignmentTests */ = {
			isa = PBXGroup;
			children = (
				1C6DE1B6251B98BF002F3144 /* IOSAssignmentTests.swift */,
				1C6DE1B8251B98BF002F3144 /* Info.plist */,
			);
			path = IOSAssignmentTests;
			sourceTree = "<group>";
		};
		1C6DE1C0251B98BF002F3144 /* IOSAssignmentUITests */ = {
			isa = PBXGroup;
			children = (
				1C6DE1C1251B98BF002F3144 /* IOSAssignmentUITests.swift */,
				1C6DE1C3251B98BF002F3144 /* Info.plist */,
			);
			path = IOSAssignmentUITests;
			sourceTree = "<group>";
		};
		1C6DE1D2251B98CF002F3144 /* ViewModel */ = {
			isa = PBXGroup;
			children = (
				1C6DE1E0251B9A5D002F3144 /* JsonViewModel.swift */,
			);
			path = ViewModel;
			sourceTree = "<group>";
		};
		1C6DE1D3251B98DA002F3144 /* View */ = {
			isa = PBXGroup;
			children = (
				1C6DE1A3251B98BD002F3144 /* DashboardVC.swift */,
				1C6DE1F7251BA8CC002F3144 /* DetaildVC.swift */,
			);
			path = View;
			sourceTree = "<group>";
		};
		1C6DE1D4251B9938002F3144 /* Model */ = {
			isa = PBXGroup;
			children = (
				1C6DE1D5251B9958002F3144 /* JsonResponseModel.swift */,
			);
			path = Model;
			sourceTree = "<group>";
		};
		1C6DE1DA251B99BB002F3144 /* Utility */ = {
			isa = PBXGroup;
			children = (
				1C6DE1DB251B99FF002F3144 /* Utility.swift */,
			);
			path = Utility;
			sourceTree = "<group>";
		};
		1C6DE1E5251B9E77002F3144 /* TableViewCell */ = {
			isa = PBXGroup;
			children = (
				1C6DE1E9251B9E9A002F3144 /* TableCell.swift */,
			);
			path = TableViewCell;
			sourceTree = "<group>";
		};
		4BB1795A42F23FCD5AC176F2 /* Frameworks */ = {
			isa = PBXGroup;
			children = (
				15F9011012296CB7B3EB31F9 /* Pods_IOSAssignment.framework */,
				EA083391595AC7CACBDFC8D4 /* Pods_IOSAssignment_IOSAssignmentUITests.framework */,
				669EEE688A3BE53A361CAEF8 /* Pods_IOSAssignmentTests.framework */,
			);
			name = Frameworks;
			sourceTree = "<group>";
		};
		909EA067D5C1F28ECACAF007 /* Pods */ = {
			isa = PBXGroup;
			children = (
				1CC4EE6F232BB5470DD8667E /* Pods-IOSAssignment.debug.xcconfig */,
				A75E8D7E9F509F9DC7D5A179 /* Pods-IOSAssignment.release.xcconfig */,
				AE948D4B0E228B18395B6086 /* Pods-IOSAssignment-IOSAssignmentUITests.debug.xcconfig */,
				BDCD625CCB8E9E10012C133B /* Pods-IOSAssignment-IOSAssignmentUITests.release.xcconfig */,
				93378C224E0D87641BFF01B7 /* Pods-IOSAssignmentTests.debug.xcconfig */,
				3BC6B250F76525811CA3D0BD /* Pods-IOSAssignmentTests.release.xcconfig */,
			);
			name = Pods;
			path = Pods;
			sourceTree = "<group>";
		};
/* End PBXGroup section */

/* Begin PBXNativeTarget section */
		1C6DE19B251B98BD002F3144 /* IOSAssignment */ = {
			isa = PBXNativeTarget;
			buildConfigurationList = 1C6DE1C6251B98BF002F3144 /* Build configuration list for PBXNativeTarget "IOSAssignment" */;
			buildPhases = (
				50DB7D2BC72F7645A7C18E4A /* [CP] Check Pods Manifest.lock */,
				1C6DE198251B98BD002F3144 /* Sources */,
				1C6DE199251B98BD002F3144 /* Frameworks */,
				1C6DE19A251B98BD002F3144 /* Resources */,
				BDCECC864091DE12D738274E /* [CP] Embed Pods Frameworks */,
			);
			buildRules = (
			);
			dependencies = (
			);
			name = IOSAssignment;
			productName = IOSAssignment;
			productReference = 1C6DE19C251B98BD002F3144 /* IOSAssignment.app */;
			productType = "com.apple.product-type.application";
		};
		1C6DE1B1251B98BF002F3144 /* IOSAssignmentTests */ = {
			isa = PBXNativeTarget;
			buildConfigurationList = 1C6DE1C9251B98BF002F3144 /* Build configuration list for PBXNativeTarget "IOSAssignmentTests" */;
			buildPhases = (
				AC4FE9EF1C3B70D9BD8B3AB1 /* [CP] Check Pods Manifest.lock */,
				1C6DE1AE251B98BF002F3144 /* Sources */,
				1C6DE1AF251B98BF002F3144 /* Frameworks */,
				1C6DE1B0251B98BF002F3144 /* Resources */,
			);
			buildRules = (
			);
			dependencies = (
				1C6DE1B4251B98BF002F3144 /* PBXTargetDependency */,
			);
			name = IOSAssignmentTests;
			productName = IOSAssignmentTests;
			productReference = 1C6DE1B2251B98BF002F3144 /* IOSAssignmentTests.xctest */;
			productType = "com.apple.product-type.bundle.unit-test";
		};
		1C6DE1BC251B98BF002F3144 /* IOSAssignmentUITests */ = {
			isa = PBXNativeTarget;
			buildConfigurationList = 1C6DE1CC251B98BF002F3144 /* Build configuration list for PBXNativeTarget "IOSAssignmentUITests" */;
			buildPhases = (
				764279DC5888699F43D91885 /* [CP] Check Pods Manifest.lock */,
				1C6DE1B9251B98BF002F3144 /* Sources */,
				1C6DE1BA251B98BF002F3144 /* Frameworks */,
				1C6DE1BB251B98BF002F3144 /* Resources */,
				211E2778DA0F3E94A6476E2B /* [CP] Embed Pods Frameworks */,
			);
			buildRules = (
			);
			dependencies = (
				1C6DE1BF251B98BF002F3144 /* PBXTargetDependency */,
			);
			name = IOSAssignmentUITests;
			productName = IOSAssignmentUITests;
			productReference = 1C6DE1BD251B98BF002F3144 /* IOSAssignmentUITests.xctest */;
			productType = "com.apple.product-type.bundle.ui-testing";
		};
/* End PBXNativeTarget section */

/* Begin PBXProject section */
		1C6DE194251B98BD002F3144 /* Project object */ = {
			isa = PBXProject;
			attributes = {
				LastSwiftUpdateCheck = 1200;
				LastUpgradeCheck = 1200;
				TargetAttributes = {
					1C6DE19B251B98BD002F3144 = {
						CreatedOnToolsVersion = 12.0;
					};
					1C6DE1B1251B98BF002F3144 = {
						CreatedOnToolsVersion = 12.0;
						TestTargetID = 1C6DE19B251B98BD002F3144;
					};
					1C6DE1BC251B98BF002F3144 = {
						CreatedOnToolsVersion = 12.0;
						TestTargetID = 1C6DE19B251B98BD002F3144;
					};
				};
			};
			buildConfigurationList = 1C6DE197251B98BD002F3144 /* Build configuration list for PBXProject "IOSAssignment" */;
			compatibilityVersion = "Xcode 9.3";
			developmentRegion = en;
			hasScannedForEncodings = 0;
			knownRegions = (
				en,
				Base,
			);
			mainGroup = 1C6DE193251B98BD002F3144;
			productRefGroup = 1C6DE19D251B98BD002F3144 /* Products */;
			projectDirPath = "";
			projectRoot = "";
			targets = (
				1C6DE19B251B98BD002F3144 /* IOSAssignment */,
				1C6DE1B1251B98BF002F3144 /* IOSAssignmentTests */,
				1C6DE1BC251B98BF002F3144 /* IOSAssignmentUITests */,
			);
		};
/* End PBXProject section */

/* Begin PBXResourcesBuildPhase section */
		1C6DE19A251B98BD002F3144 /* Resources */ = {
			isa = PBXResourcesBuildPhase;
			buildActionMask = 2147483647;
			files = (
				1C6DE1AC251B98BF002F3144 /* LaunchScreen.storyboard in Resources */,
				1C6DE1A9251B98BF002F3144 /* Assets.xcassets in Resources */,
				1C6DE1A7251B98BD002F3144 /* Main.storyboard in Resources */,
			);
			runOnlyForDeploymentPostprocessing = 0;
		};
		1C6DE1B0251B98BF002F3144 /* Resources */ = {
			isa = PBXResourcesBuildPhase;
			buildActionMask = 2147483647;
			files = (
			);
			runOnlyForDeploymentPostprocessing = 0;
		};
		1C6DE1BB251B98BF002F3144 /* Resources */ = {
			isa = PBXResourcesBuildPhase;
			buildActionMask = 2147483647;
			files = (
			);
			runOnlyForDeploymentPostprocessing = 0;
		};
/* End PBXResourcesBuildPhase section */

/* Begin PBXShellScriptBuildPhase section */
		211E2778DA0F3E94A6476E2B /* [CP] Embed Pods Frameworks */ = {
			isa = PBXShellScriptBuildPhase;
			buildActionMask = 2147483647;
			files = (
			);
			inputFileListPaths = (
				"${PODS_ROOT}/Target Support Files/Pods-IOSAssignment-IOSAssignmentUITests/Pods-IOSAssignment-IOSAssignmentUITests-frameworks-${CONFIGURATION}-input-files.xcfilelist",
			);
			name = "[CP] Embed Pods Frameworks";
			outputFileListPaths = (
				"${PODS_ROOT}/Target Support Files/Pods-IOSAssignment-IOSAssignmentUITests/Pods-IOSAssignment-IOSAssignmentUITests-frameworks-${CONFIGURATION}-output-files.xcfilelist",
			);
			runOnlyForDeploymentPostprocessing = 0;
			shellPath = /bin/sh;
			shellScript = "\"${PODS_ROOT}/Target Support Files/Pods-IOSAssignment-IOSAssignmentUITests/Pods-IOSAssignment-IOSAssignmentUITests-frameworks.sh\"\n";
			showEnvVarsInLog = 0;
		};
		50DB7D2BC72F7645A7C18E4A /* [CP] Check Pods Manifest.lock */ = {
			isa = PBXShellScriptBuildPhase;
			buildActionMask = 2147483647;
			files = (
			);
			inputFileListPaths = (
			);
			inputPaths = (
				"${PODS_PODFILE_DIR_PATH}/Podfile.lock",
				"${PODS_ROOT}/Manifest.lock",
			);
			name = "[CP] Check Pods Manifest.lock";
			outputFileListPaths = (
			);
			outputPaths = (
				"$(DERIVED_FILE_DIR)/Pods-IOSAssignment-checkManifestLockResult.txt",
			);
			runOnlyForDeploymentPostprocessing = 0;
			shellPath = /bin/sh;
			shellScript = "diff \"${PODS_PODFILE_DIR_PATH}/Podfile.lock\" \"${PODS_ROOT}/Manifest.lock\" > /dev/null\nif [ $? != 0 ] ; then\n    # print error to STDERR\n    echo \"error: The sandbox is not in sync with the Podfile.lock. Run 'pod install' or update your CocoaPods installation.\" >&2\n    exit 1\nfi\n# This output is used by Xcode 'outputs' to avoid re-running this script phase.\necho \"SUCCESS\" > \"${SCRIPT_OUTPUT_FILE_0}\"\n";
			showEnvVarsInLog = 0;
		};
		764279DC5888699F43D91885 /* [CP] Check Pods Manifest.lock */ = {
			isa = PBXShellScriptBuildPhase;
			buildActionMask = 2147483647;
			files = (
			);
			inputFileListPaths = (
			);
			inputPaths = (
				"${PODS_PODFILE_DIR_PATH}/Podfile.lock",
				"${PODS_ROOT}/Manifest.lock",
			);
			name = "[CP] Check Pods Manifest.lock";
			outputFileListPaths = (
			);
			outputPaths = (
				"$(DERIVED_FILE_DIR)/Pods-IOSAssignment-IOSAssignmentUITests-checkManifestLockResult.txt",
			);
			runOnlyForDeploymentPostprocessing = 0;
			shellPath = /bin/sh;
			shellScript = "diff \"${PODS_PODFILE_DIR_PATH}/Podfile.lock\" \"${PODS_ROOT}/Manifest.lock\" > /dev/null\nif [ $? != 0 ] ; then\n    # print error to STDERR\n    echo \"error: The sandbox is not in sync with the Podfile.lock. Run 'pod install' or update your CocoaPods installation.\" >&2\n    exit 1\nfi\n# This output is used by Xcode 'outputs' to avoid re-running this script phase.\necho \"SUCCESS\" > \"${SCRIPT_OUTPUT_FILE_0}\"\n";
			showEnvVarsInLog = 0;
		};
		AC4FE9EF1C3B70D9BD8B3AB1 /* [CP] Check Pods Manifest.lock */ = {
			isa = PBXShellScriptBuildPhase;
			buildActionMask = 2147483647;
			files = (
			);
			inputFileListPaths = (
			);
			inputPaths = (
				"${PODS_PODFILE_DIR_PATH}/Podfile.lock",
				"${PODS_ROOT}/Manifest.lock",
			);
			name = "[CP] Check Pods Manifest.lock";
			outputFileListPaths = (
			);
			outputPaths = (
				"$(DERIVED_FILE_DIR)/Pods-IOSAssignmentTests-checkManifestLockResult.txt",
			);
			runOnlyForDeploymentPostprocessing = 0;
			shellPath = /bin/sh;
			shellScript = "diff \"${PODS_PODFILE_DIR_PATH}/Podfile.lock\" \"${PODS_ROOT}/Manifest.lock\" > /dev/null\nif [ $? != 0 ] ; then\n    # print error to STDERR\n    echo \"error: The sandbox is not in sync with the Podfile.lock. Run 'pod install' or update your CocoaPods installation.\" >&2\n    exit 1\nfi\n# This output is used by Xcode 'outputs' to avoid re-running this script phase.\necho \"SUCCESS\" > \"${SCRIPT_OUTPUT_FILE_0}\"\n";
			showEnvVarsInLog = 0;
		};
		BDCECC864091DE12D738274E /* [CP] Embed Pods Frameworks */ = {
			isa = PBXShellScriptBuildPhase;
			buildActionMask = 2147483647;
			files = (
			);
			inputFileListPaths = (
				"${PODS_ROOT}/Target Support Files/Pods-IOSAssignment/Pods-IOSAssignment-frameworks-${CONFIGURATION}-input-files.xcfilelist",
			);
			name = "[CP] Embed Pods Frameworks";
			outputFileListPaths = (
				"${PODS_ROOT}/Target Support Files/Pods-IOSAssignment/Pods-IOSAssignment-frameworks-${CONFIGURATION}-output-files.xcfilelist",
			);
			runOnlyForDeploymentPostprocessing = 0;
			shellPath = /bin/sh;
			shellScript = "\"${PODS_ROOT}/Target Support Files/Pods-IOSAssignment/Pods-IOSAssignment-frameworks.sh\"\n";
			showEnvVarsInLog = 0;
		};
/* End PBXShellScriptBuildPhase section */

/* Begin PBXSourcesBuildPhase section */
		1C6DE198251B98BD002F3144 /* Sources */ = {
			isa = PBXSourcesBuildPhase;
			buildActionMask = 2147483647;
			files = (
				1C6DE1DC251B99FF002F3144 /* Utility.swift in Sources */,
				1C6DE1D6251B9958002F3144 /* JsonResponseModel.swift in Sources */,
				1C6DE1F8251BA8CC002F3144 /* DetaildVC.swift in Sources */,
				1C6DE1EA251B9E9A002F3144 /* TableCell.swift in Sources */,
				1C6DE1A4251B98BD002F3144 /* DashboardVC.swift in Sources */,
				1C6DE1A0251B98BD002F3144 /* AppDelegate.swift in Sources */,
				1C6DE1E1251B9A5D002F3144 /* JsonViewModel.swift in Sources */,
				1C6DE1A2251B98BD002F3144 /* SceneDelegate.swift in Sources */,
			);
			runOnlyForDeploymentPostprocessing = 0;
		};
		1C6DE1AE251B98BF002F3144 /* Sources */ = {
			isa = PBXSourcesBuildPhase;
			buildActionMask = 2147483647;
			files = (
				1C6DE1B7251B98BF002F3144 /* IOSAssignmentTests.swift in Sources */,
			);
			runOnlyForDeploymentPostprocessing = 0;
		};
		1C6DE1B9251B98BF002F3144 /* Sources */ = {
			isa = PBXSourcesBuildPhase;
			buildActionMask = 2147483647;
			files = (
				1C6DE1C2251B98BF002F3144 /* IOSAssignmentUITests.swift in Sources */,
			);
			runOnlyForDeploymentPostprocessing = 0;
		};
/* End PBXSourcesBuildPhase section */

/* Begin PBXTargetDependency section */
		1C6DE1B4251B98BF002F3144 /* PBXTargetDependency */ = {
			isa = PBXTargetDependency;
			target = 1C6DE19B251B98BD002F3144 /* IOSAssignment */;
			targetProxy = 1C6DE1B3251B98BF002F3144 /* PBXContainerItemProxy */;
		};
		1C6DE1BF251B98BF002F3144 /* PBXTargetDependency */ = {
			isa = PBXTargetDependency;
			target = 1C6DE19B251B98BD002F3144 /* IOSAssignment */;
			targetProxy = 1C6DE1BE251B98BF002F3144 /* PBXContainerItemProxy */;
		};
/* End PBXTargetDependency section */

/* Begin PBXVariantGroup section */
		1C6DE1A5251B98BD002F3144 /* Main.storyboard */ = {
			isa = PBXVariantGroup;
			children = (
				1C6DE1A6251B98BD002F3144 /* Base */,
			);
			name = Main.storyboard;
			sourceTree = "<group>";
		};
		1C6DE1AA251B98BF002F3144 /* LaunchScreen.storyboard */ = {
			isa = PBXVariantGroup;
			children = (
				1C6DE1AB251B98BF002F3144 /* Base */,
			);
			name = LaunchScreen.storyboard;
			sourceTree = "<group>";
		};
/* End PBXVariantGroup section */

/* Begin XCBuildConfiguration section */
		1C6DE1C4251B98BF002F3144 /* Debug */ = {
			isa = XCBuildConfiguration;
			buildSettings = {
				ALWAYS_SEARCH_USER_PATHS = NO;
				CLANG_ANALYZER_NONNULL = YES;
				CLANG_ANALYZER_NUMBER_OBJECT_CONVERSION = YES_AGGRESSIVE;
				CLANG_CXX_LANGUAGE_STANDARD = "gnu++14";
				CLANG_CXX_LIBRARY = "libc++";
				CLANG_ENABLE_MODULES = YES;
				CLANG_ENABLE_OBJC_ARC = YES;
				CLANG_ENABLE_OBJC_WEAK = YES;
				CLANG_WARN_BLOCK_CAPTURE_AUTORELEASING = YES;
				CLANG_WARN_BOOL_CONVERSION = YES;
				CLANG_WARN_COMMA = YES;
				CLANG_WARN_CONSTANT_CONVERSION = YES;
				CLANG_WARN_DEPRECATED_OBJC_IMPLEMENTATIONS = YES;
				CLANG_WARN_DIRECT_OBJC_ISA_USAGE = YES_ERROR;
				CLANG_WARN_DOCUMENTATION_COMMENTS = YES;
				CLANG_WARN_EMPTY_BODY = YES;
				CLANG_WARN_ENUM_CONVERSION = YES;
				CLANG_WARN_INFINITE_RECURSION = YES;
				CLANG_WARN_INT_CONVERSION = YES;
				CLANG_WARN_NON_LITERAL_NULL_CONVERSION = YES;
				CLANG_WARN_OBJC_IMPLICIT_RETAIN_SELF = YES;
				CLANG_WARN_OBJC_LITERAL_CONVERSION = YES;
				CLANG_WARN_OBJC_ROOT_CLASS = YES_ERROR;
				CLANG_WARN_QUOTED_INCLUDE_IN_FRAMEWORK_HEADER = YES;
				CLANG_WARN_RANGE_LOOP_ANALYSIS = YES;
				CLANG_WARN_STRICT_PROTOTYPES = YES;
				CLANG_WARN_SUSPICIOUS_MOVE = YES;
				CLANG_WARN_UNGUARDED_AVAILABILITY = YES_AGGRESSIVE;
				CLANG_WARN_UNREACHABLE_CODE = YES;
				CLANG_WARN__DUPLICATE_METHOD_MATCH = YES;
				COPY_PHASE_STRIP = NO;
				DEBUG_INFORMATION_FORMAT = dwarf;
				ENABLE_STRICT_OBJC_MSGSEND = YES;
				ENABLE_TESTABILITY = YES;
				GCC_C_LANGUAGE_STANDARD = gnu11;
				GCC_DYNAMIC_NO_PIC = NO;
				GCC_NO_COMMON_BLOCKS = YES;
				GCC_OPTIMIZATION_LEVEL = 0;
				GCC_PREPROCESSOR_DEFINITIONS = (
					"DEBUG=1",
					"$(inherited)",
				);
				GCC_WARN_64_TO_32_BIT_CONVERSION = YES;
				GCC_WARN_ABOUT_RETURN_TYPE = YES_ERROR;
				GCC_WARN_UNDECLARED_SELECTOR = YES;
				GCC_WARN_UNINITIALIZED_AUTOS = YES_AGGRESSIVE;
				GCC_WARN_UNUSED_FUNCTION = YES;
				GCC_WARN_UNUSED_VARIABLE = YES;
				IPHONEOS_DEPLOYMENT_TARGET = 14.0;
				MTL_ENABLE_DEBUG_INFO = INCLUDE_SOURCE;
				MTL_FAST_MATH = YES;
				ONLY_ACTIVE_ARCH = YES;
				SDKROOT = iphoneos;
				SWIFT_ACTIVE_COMPILATION_CONDITIONS = DEBUG;
				SWIFT_OPTIMIZATION_LEVEL = "-Onone";
			};
			name = Debug;
		};
		1C6DE1C5251B98BF002F3144 /* Release */ = {
			isa = XCBuildConfiguration;
			buildSettings = {
				ALWAYS_SEARCH_USER_PATHS = NO;
				CLANG_ANALYZER_NONNULL = YES;
				CLANG_ANALYZER_NUMBER_OBJECT_CONVERSION = YES_AGGRESSIVE;
				CLANG_CXX_LANGUAGE_STANDARD = "gnu++14";
				CLANG_CXX_LIBRARY = "libc++";
				CLANG_ENABLE_MODULES = YES;
				CLANG_ENABLE_OBJC_ARC = YES;
				CLANG_ENABLE_OBJC_WEAK = YES;
				CLANG_WARN_BLOCK_CAPTURE_AUTORELEASING = YES;
				CLANG_WARN_BOOL_CONVERSION = YES;
				CLANG_WARN_COMMA = YES;
				CLANG_WARN_CONSTANT_CONVERSION = YES;
				CLANG_WARN_DEPRECATED_OBJC_IMPLEMENTATIONS = YES;
				CLANG_WARN_DIRECT_OBJC_ISA_USAGE = YES_ERROR;
				CLANG_WARN_DOCUMENTATION_COMMENTS = YES;
				CLANG_WARN_EMPTY_BODY = YES;
				CLANG_WARN_ENUM_CONVERSION = YES;
				CLANG_WARN_INFINITE_RECURSION = YES;
				CLANG_WARN_INT_CONVERSION = YES;
				CLANG_WARN_NON_LITERAL_NULL_CONVERSION = YES;
				CLANG_WARN_OBJC_IMPLICIT_RETAIN_SELF = YES;
				CLANG_WARN_OBJC_LITERAL_CONVERSION = YES;
				CLANG_WARN_OBJC_ROOT_CLASS = YES_ERROR;
				CLANG_WARN_QUOTED_INCLUDE_IN_FRAMEWORK_HEADER = YES;
				CLANG_WARN_RANGE_LOOP_ANALYSIS = YES;
				CLANG_WARN_STRICT_PROTOTYPES = YES;
				CLANG_WARN_SUSPICIOUS_MOVE = YES;
				CLANG_WARN_UNGUARDED_AVAILABILITY = YES_AGGRESSIVE;
				CLANG_WARN_UNREACHABLE_CODE = YES;
				CLANG_WARN__DUPLICATE_METHOD_MATCH = YES;
				COPY_PHASE_STRIP = NO;
				DEBUG_INFORMATION_FORMAT = "dwarf-with-dsym";
				ENABLE_NS_ASSERTIONS = NO;
				ENABLE_STRICT_OBJC_MSGSEND = YES;
				GCC_C_LANGUAGE_STANDARD = gnu11;
				GCC_NO_COMMON_BLOCKS = YES;
				GCC_WARN_64_TO_32_BIT_CONVERSION = YES;
				GCC_WARN_ABOUT_RETURN_TYPE = YES_ERROR;
				GCC_WARN_UNDECLARED_SELECTOR = YES;
				GCC_WARN_UNINITIALIZED_AUTOS = YES_AGGRESSIVE;
				GCC_WARN_UNUSED_FUNCTION = YES;
				GCC_WARN_UNUSED_VARIABLE = YES;
				IPHONEOS_DEPLOYMENT_TARGET = 14.0;
				MTL_ENABLE_DEBUG_INFO = NO;
				MTL_FAST_MATH = YES;
				SDKROOT = iphoneos;
				SWIFT_COMPILATION_MODE = wholemodule;
				SWIFT_OPTIMIZATION_LEVEL = "-O";
				VALIDATE_PRODUCT = YES;
			};
			name = Release;
		};
		1C6DE1C7251B98BF002F3144 /* Debug */ = {
			isa = XCBuildConfiguration;
			baseConfigurationReference = 1CC4EE6F232BB5470DD8667E /* Pods-IOSAssignment.debug.xcconfig */;
			buildSettings = {
				ASSETCATALOG_COMPILER_APPICON_NAME = AppIcon;
				ASSETCATALOG_COMPILER_GLOBAL_ACCENT_COLOR_NAME = AccentColor;
				CODE_SIGN_STYLE = Automatic;
				DEVELOPMENT_TEAM = G6NR6NB367;
				INFOPLIST_FILE = IOSAssignment/Info.plist;
				IPHONEOS_DEPLOYMENT_TARGET = 13.0;
				LD_RUNPATH_SEARCH_PATHS = (
					"$(inherited)",
					"@executable_path/Frameworks",
				);
				PRODUCT_BUNDLE_IDENTIFIER = com.SwiftUI.com.IOSAssignment;
				PRODUCT_NAME = "$(TARGET_NAME)";
				SWIFT_VERSION = 5.0;
				TARGETED_DEVICE_FAMILY = "1,2";
			};
			name = Debug;
		};
		1C6DE1C8251B98BF002F3144 /* Release */ = {
			isa = XCBuildConfiguration;
			baseConfigurationReference = A75E8D7E9F509F9DC7D5A179 /* Pods-IOSAssignment.release.xcconfig */;
			buildSettings = {
				ASSETCATALOG_COMPILER_APPICON_NAME = AppIcon;
				ASSETCATALOG_COMPILER_GLOBAL_ACCENT_COLOR_NAME = AccentColor;
				CODE_SIGN_STYLE = Automatic;
				DEVELOPMENT_TEAM = G6NR6NB367;
				INFOPLIST_FILE = IOSAssignment/Info.plist;
				IPHONEOS_DEPLOYMENT_TARGET = 13.0;
				LD_RUNPATH_SEARCH_PATHS = (
					"$(inherited)",
					"@executable_path/Frameworks",
				);
				PRODUCT_BUNDLE_IDENTIFIER = com.SwiftUI.com.IOSAssignment;
				PRODUCT_NAME = "$(TARGET_NAME)";
				SWIFT_VERSION = 5.0;
				TARGETED_DEVICE_FAMILY = "1,2";
			};
			name = Release;
		};
		1C6DE1CA251B98BF002F3144 /* Debug */ = {
			isa = XCBuildConfiguration;
			baseConfigurationReference = 93378C224E0D87641BFF01B7 /* Pods-IOSAssignmentTests.debug.xcconfig */;
			buildSettings = {
				ALWAYS_EMBED_SWIFT_STANDARD_LIBRARIES = YES;
				BUNDLE_LOADER = "$(TEST_HOST)";
				CODE_SIGN_STYLE = Automatic;
				DEVELOPMENT_TEAM = G6NR6NB367;
				INFOPLIST_FILE = IOSAssignmentTests/Info.plist;
				IPHONEOS_DEPLOYMENT_TARGET = 14.0;
				LD_RUNPATH_SEARCH_PATHS = (
					"$(inherited)",
					"@executable_path/Frameworks",
					"@loader_path/Frameworks",
				);
				PRODUCT_BUNDLE_IDENTIFIER = com.SwiftUI.com.IOSAssignmentTests;
				PRODUCT_NAME = "$(TARGET_NAME)";
				SWIFT_VERSION = 5.0;
				TARGETED_DEVICE_FAMILY = "1,2";
				TEST_HOST = "$(BUILT_PRODUCTS_DIR)/IOSAssignment.app/IOSAssignment";
			};
			name = Debug;
		};
		1C6DE1CB251B98BF002F3144 /* Release */ = {
			isa = XCBuildConfiguration;
			baseConfigurationReference = 3BC6B250F76525811CA3D0BD /* Pods-IOSAssignmentTests.release.xcconfig */;
			buildSettings = {
				ALWAYS_EMBED_SWIFT_STANDARD_LIBRARIES = YES;
				BUNDLE_LOADER = "$(TEST_HOST)";
				CODE_SIGN_STYLE = Automatic;
				DEVELOPMENT_TEAM = G6NR6NB367;
				INFOPLIST_FILE = IOSAssignmentTests/Info.plist;
				IPHONEOS_DEPLOYMENT_TARGET = 14.0;
				LD_RUNPATH_SEARCH_PATHS = (
					"$(inherited)",
					"@executable_path/Frameworks",
					"@loader_path/Frameworks",
				);
				PRODUCT_BUNDLE_IDENTIFIER = com.SwiftUI.com.IOSAssignmentTests;
				PRODUCT_NAME = "$(TARGET_NAME)";
				SWIFT_VERSION = 5.0;
				TARGETED_DEVICE_FAMILY = "1,2";
				TEST_HOST = "$(BUILT_PRODUCTS_DIR)/IOSAssignment.app/IOSAssignment";
			};
			name = Release;
		};
		1C6DE1CD251B98BF002F3144 /* Debug */ = {
			isa = XCBuildConfiguration;
			baseConfigurationReference = AE948D4B0E228B18395B6086 /* Pods-IOSAssignment-IOSAssignmentUITests.debug.xcconfig */;
			buildSettings = {
				ALWAYS_EMBED_SWIFT_STANDARD_LIBRARIES = YES;
				CODE_SIGN_STYLE = Automatic;
				DEVELOPMENT_TEAM = G6NR6NB367;
				INFOPLIST_FILE = IOSAssignmentUITests/Info.plist;
				LD_RUNPATH_SEARCH_PATHS = (
					"$(inherited)",
					"@executable_path/Frameworks",
					"@loader_path/Frameworks",
				);
				PRODUCT_BUNDLE_IDENTIFIER = com.SwiftUI.com.IOSAssignmentUITests;
				PRODUCT_NAME = "$(TARGET_NAME)";
				SWIFT_VERSION = 5.0;
				TARGETED_DEVICE_FAMILY = "1,2";
				TEST_TARGET_NAME = IOSAssignment;
			};
			name = Debug;
		};
		1C6DE1CE251B98BF002F3144 /* Release */ = {
			isa = XCBuildConfiguration;
			baseConfigurationReference = BDCD625CCB8E9E10012C133B /* Pods-IOSAssignment-IOSAssignmentUITests.release.xcconfig */;
			buildSettings = {
				ALWAYS_EMBED_SWIFT_STANDARD_LIBRARIES = YES;
				CODE_SIGN_STYLE = Automatic;
				DEVELOPMENT_TEAM = G6NR6NB367;
				INFOPLIST_FILE = IOSAssignmentUITests/Info.plist;
				LD_RUNPATH_SEARCH_PATHS = (
					"$(inherited)",
					"@executable_path/Frameworks",
					"@loader_path/Frameworks",
				);
				PRODUCT_BUNDLE_IDENTIFIER = com.SwiftUI.com.IOSAssignmentUITests;
				PRODUCT_NAME = "$(TARGET_NAME)";
				SWIFT_VERSION = 5.0;
				TARGETED_DEVICE_FAMILY = "1,2";
				TEST_TARGET_NAME = IOSAssignment;
			};
			name = Release;
		};
/* End XCBuildConfiguration section */

/* Begin XCConfigurationList section */
		1C6DE197251B98BD002F3144 /* Build configuration list for PBXProject "IOSAssignment" */ = {
			isa = XCConfigurationList;
			buildConfigurations = (
				1C6DE1C4251B98BF002F3144 /* Debug */,
				1C6DE1C5251B98BF002F3144 /* Release */,
			);
			defaultConfigurationIsVisible = 0;
			defaultConfigurationName = Release;
		};
		1C6DE1C6251B98BF002F3144 /* Build configuration list for PBXNativeTarget "IOSAssignment" */ = {
			isa = XCConfigurationList;
			buildConfigurations = (
				1C6DE1C7251B98BF002F3144 /* Debug */,
				1C6DE1C8251B98BF002F3144 /* Release */,
			);
			defaultConfigurationIsVisible = 0;
			defaultConfigurationName = Release;
		};
		1C6DE1C9251B98BF002F3144 /* Build configuration list for PBXNativeTarget "IOSAssignmentTests" */ = {
			isa = XCConfigurationList;
			buildConfigurations = (
				1C6DE1CA251B98BF002F3144 /* Debug */,
				1C6DE1CB251B98BF002F3144 /* Release */,
			);
			defaultConfigurationIsVisible = 0;
			defaultConfigurationName = Release;
		};
		1C6DE1CC251B98BF002F3144 /* Build configuration list for PBXNativeTarget "IOSAssignmentUITests" */ = {
			isa = XCConfigurationList;
			buildConfigurations = (
				1C6DE1CD251B98BF002F3144 /* Debug */,
				1C6DE1CE251B98BF002F3144 /* Release */,
			);
			defaultConfigurationIsVisible = 0;
			defaultConfigurationName = Release;
		};
/* End XCConfigurationList section */
	};
	rootObject = 1C6DE194251B98BD002F3144 /* Project object */;
}
